
Microsoft Visual Studio Solution File, Format Version 12.00
# Visual Studio Version 17
VisualStudioVersion = 17.1.32210.238
MinimumVisualStudioVersion = 10.0.40219.1
Project("{FAE04EC0-301F-11D3-BF4B-00C04F79EFBC}") = "examples-Extention", "examples-Extention\examples-Extention.csproj", "{379BEDC6-2D1D-44F3-B4A1-A3D0A2E7B33C}"
EndProject
Global
	GlobalSection(SolutionConfigurationPlatforms) = preSolution
		Debug|Any CPU = Debug|Any CPU
		Release|Any CPU = Release|Any CPU
	EndGlobalSection
	GlobalSection(ProjectConfigurationPlatforms) = postSolution
		{379BEDC6-2D1D-44F3-B4A1-A3D0A2E7B33C}.Debug|Any CPU.ActiveCfg = Debug|Any CPU
		{379BEDC6-2D1D-44F3-B4A1-A3D0A2E7B33C}.Debug|Any CPU.Build.0 = Debug|Any CPU
		{379BEDC6-2D1D-44F3-B4A1-A3D0A2E7B33C}.Release|Any CPU.ActiveCfg = Release|Any CPU
		{379BEDC6-2D1D-44F3-B4A1-A3D0A2E7B33C}.Release|Any CPU.Build.0 = Release|Any CPU
	EndGlobalSection
	GlobalSection(SolutionProperties) = preSolution
		HideSolutionNode = FALSE
	EndGlobalSection
	GlobalSection(ExtensibilityGlobals) = postSolution
		SolutionGuid = {B9CCB5BA-CDAA-4070-B1F8-2643BE13A849}
	EndGlobalSection
EndGlobal
